# Pinned conquertron revision.
#
# Used ONLY when tools/fetch-conquertron.sh has to fetch a copy into deps/,
# i.e. when there is no sibling checkout and no explicit $(CONQUERTRON). A
# developer with conquertron checked out beside jouster is unaffected by this
# file -- their tree wins, by design.
#
# Refresh with:  make -C game conquertron-update
commit 8869333e969860acac9db50f3b61f532f9087ef0
