# Pinned conquertron revision.
#
# Used ONLY when tools/fetch-conquertron.sh has to fetch a copy into deps/,
# i.e. when there is no sibling checkout and no explicit $(CONQUERTRON). A
# developer with conquertron checked out beside jouster is unaffected by this
# file -- their tree wins, by design.
#
# Refresh with:  make -C game conquertron-update
commit a6080911ab44fb1aadb0f99c24377e2e3dcd872b
